
Microsoft Visual Studio Solution File, Format Version 12.00
# Visual Studio Version 16
VisualStudioVersion = 16.0.31205.134
MinimumVisualStudioVersion = 10.0.40219.1
Project("{FAE04EC0-301F-11D3-BF4B-00C04F79EFBC}") = "Java-String-Reverse", "Java-String-Reverse\Java-String-Reverse.csproj", "{A9C3F71F-23C2-4024-A2F9-AF2C0B726955}"
EndProject
Global
	GlobalSection(SolutionConfigurationPlatforms) = preSolution
		Debug|Any CPU = Debug|Any CPU
		Release|Any CPU = Release|Any CPU
	EndGlobalSection
	GlobalSection(ProjectConfigurationPlatforms) = postSolution
		{A9C3F71F-23C2-4024-A2F9-AF2C0B726955}.Debug|Any CPU.ActiveCfg = Debug|Any CPU
		{A9C3F71F-23C2-4024-A2F9-AF2C0B726955}.Debug|Any CPU.Build.0 = Debug|Any CPU
		{A9C3F71F-23C2-4024-A2F9-AF2C0B726955}.Release|Any CPU.ActiveCfg = Release|Any CPU
		{A9C3F71F-23C2-4024-A2F9-AF2C0B726955}.Release|Any CPU.Build.0 = Release|Any CPU
	EndGlobalSection
	GlobalSection(SolutionProperties) = preSolution
		HideSolutionNode = FALSE
	EndGlobalSection
	GlobalSection(ExtensibilityGlobals) = postSolution
		SolutionGuid = {C503C9ED-E261-499D-B746-33CB4EE2051A}
	EndGlobalSection
EndGlobal
